Microsoft Visual Studio Solution File, Format Version 11.00
# Visual Studio 2008

Project("{F1C010AA-5A9A-EF17-0A98-34F0DD00A8D2}") = "Car Race_Update 2 - Copy", "Assembly-CSharp-firstpass.csproj", "{E988EBC5-C897-A5DD-F019-023F4B40EE80}"
EndProject
Project("{F1C010AA-5A9A-EF17-0A98-34F0DD00A8D2}") = "Car Race_Update 2 - Copy", "Assembly-CSharp.csproj", "{D4886E68-A722-CB18-70C3-D0EB0DA7D6A2}"
EndProject
Project("{F1C010AA-5A9A-EF17-0A98-34F0DD00A8D2}") = "Car Race_Update 2 - Copy", "Assembly-CSharp-Editor.csproj", "{93BD4F46-E93E-8466-892B-0831F8F1B5F5}"
EndProject
Global
	GlobalSection(SolutionConfigurationPlatforms) = preSolution
		Debug|Any CPU = Debug|Any CPU
		Release|Any CPU = Release|Any CPU
	EndGlobalSection
	GlobalSection(ProjectConfigurationPlatforms) = postSolution
		{E988EBC5-C897-A5DD-F019-023F4B40EE80}.Debug|Any CPU.ActiveCfg = Debug|Any CPU
		{E988EBC5-C897-A5DD-F019-023F4B40EE80}.Debug|Any CPU.Build.0 = Debug|Any CPU
		{E988EBC5-C897-A5DD-F019-023F4B40EE80}.Release|Any CPU.ActiveCfg = Release|Any CPU
		{E988EBC5-C897-A5DD-F019-023F4B40EE80}.Release|Any CPU.Build.0 = Release|Any CPU
		{D4886E68-A722-CB18-70C3-D0EB0DA7D6A2}.Debug|Any CPU.ActiveCfg = Debug|Any CPU
		{D4886E68-A722-CB18-70C3-D0EB0DA7D6A2}.Debug|Any CPU.Build.0 = Debug|Any CPU
		{D4886E68-A722-CB18-70C3-D0EB0DA7D6A2}.Release|Any CPU.ActiveCfg = Release|Any CPU
		{D4886E68-A722-CB18-70C3-D0EB0DA7D6A2}.Release|Any CPU.Build.0 = Release|Any CPU
		{93BD4F46-E93E-8466-892B-0831F8F1B5F5}.Debug|Any CPU.ActiveCfg = Debug|Any CPU
		{93BD4F46-E93E-8466-892B-0831F8F1B5F5}.Debug|Any CPU.Build.0 = Debug|Any CPU
		{93BD4F46-E93E-8466-892B-0831F8F1B5F5}.Release|Any CPU.ActiveCfg = Release|Any CPU
		{93BD4F46-E93E-8466-892B-0831F8F1B5F5}.Release|Any CPU.Build.0 = Release|Any CPU
	EndGlobalSection
	GlobalSection(SolutionProperties) = preSolution
		HideSolutionNode = FALSE
	EndGlobalSection
	GlobalSection(MonoDevelopProperties) = preSolution
		StartupItem = Assembly-CSharp.csproj
	EndGlobalSection
EndGlobal
